// !$*UTF8*$!
{
	archiveVersion = 1;
	classes = {
	};
	objectVersion = 46;
	objects = {

/* Begin PBXBuildFile section */
		01506DCD1E7A34FF00436EFC /* main.m in Sources */ = {isa = PBXBuildFile; fileRef = 01506DCC1E7A34FF00436EFC /* main.m */; };
		01506DD01E7A34FF00436EFC /* AppDelegate.m in Sources */ = {isa = PBXBuildFile; fileRef = 01506DCF1E7A34FF00436EFC /* AppDelegate.m */; };
		01506DD31E7A34FF00436EFC /* ViewController.m in Sources */ = {isa = PBXBuildFile; fileRef = 01506DD21E7A34FF00436EFC /* ViewController.m */; };
		01506DD61E7A34FF00436EFC /* Main.storyboard in Resources */ = {isa = PBXBuildFile; fileRef = 01506DD41E7A34FF00436EFC /* Main.storyboard */; };
		01506DD81E7A34FF00436EFC /* Assets.xcassets in Resources */ = {isa = PBXBuildFile; fileRef = 01506DD71E7A34FF00436EFC /* Assets.xcassets */; };
		01506DDB1E7A34FF00436EFC /* LaunchScreen.storyboard in Resources */ = {isa = PBXBuildFile; fileRef = 01506DD91E7A34FF00436EFC /* LaunchScreen.storyboard */; };
		01506DE71E7A35EF00436EFC /* MMNumberScrollViewManager.m in Sources */ = {isa = PBXBuildFile; fileRef = 01506DE41E7A35EF00436EFC /* MMNumberScrollViewManager.m */; };
		01506DE81E7A35EF00436EFC /* MMSingleNumberScrollView.m in Sources */ = {isa = PBXBuildFile; fileRef = 01506DE61E7A35EF00436EFC /* MMSingleNumberScrollView.m */; };
/* End PBXBuildFile section */

/* Begin PBXFileReference section */
		01506DC81E7A34FF00436EFC /* MMNumberScrollViewDemo.app */ = {isa = PBXFileReference; explicitFileType = wrapper.application; includeInIndex = 0; path = MMNumberScrollViewDemo.app; sourceTree = BUILT_PRODUCTS_DIR; };
		01506DCC1E7A34FF00436EFC /* main.m */ = {isa = PBXFileReference; lastKnownFileType = sourcecode.c.objc; path = main.m; sourceTree = "<group>"; };
		01506DCE1E7A34FF00436EFC /* AppDelegate.h */ = {isa = PBXFileReference; lastKnownFileType = sourcecode.c.h; path = AppDelegate.h; sourceTree = "<group>"; };
		01506DCF1E7A34FF00436EFC /* AppDelegate.m */ = {isa = PBXFileReference; lastKnownFileType = sourcecode.c.objc; path = AppDelegate.m; sourceTree = "<group>"; };
		01506DD11E7A34FF00436EFC /* ViewController.h */ = {isa = PBXFileReference; lastKnownFileType = sourcecode.c.h; path = ViewController.h; sourceTree = "<group>"; };
		01506DD21E7A34FF00436EFC /* ViewController.m */ = {isa = PBXFileReference; lastKnownFileType = sourcecode.c.objc; path = ViewController.m; sourceTree = "<group>"; };
		01506DD51E7A34FF00436EFC /* Base */ = {isa = PBXFileReference; lastKnownFileType = file.storyboard; name = Base; path = Base.lproj/Main.storyboard; sourceTree = "<group>"; };
		01506DD71E7A34FF00436EFC /* Assets.xcassets */ = {isa = PBXFileReference; lastKnownFileType = folder.assetcatalog; path = Assets.xcassets; sourceTree = "<group>"; };
		01506DDA1E7A34FF00436EFC /* Base */ = {isa = PBXFileReference; lastKnownFileType = file.storyboard; name = Base; path = Base.lproj/LaunchScreen.storyboard; sourceTree = "<group>"; };
		01506DDC1E7A34FF00436EFC /* Info.plist */ = {isa = PBXFileReference; lastKnownFileType = text.plist.xml; path = Info.plist; sourceTree = "<group>"; };
		01506DE31E7A35EF00436EFC /* MMNumberScrollViewManager.h */ = {isa = PBXFileReference; fileEncoding = 4; lastKnownFileType = sourcecode.c.h; path = MMNumberScrollViewManager.h; sourceTree = "<group>"; };
		01506DE41E7A35EF00436EFC /* MMNumberScrollViewManager.m */ = {isa = PBXFileReference; fileEncoding = 4; lastKnownFileType = sourcecode.c.objc; path = MMNumberScrollViewManager.m; sourceTree = "<group>"; };
		01506DE51E7A35EF00436EFC /* MMSingleNumberScrollView.h */ = {isa = PBXFileReference; fileEncoding = 4; lastKnownFileType = sourcecode.c.h; path = MMSingleNumberScrollView.h; sourceTree = "<group>"; };
		01506DE61E7A35EF00436EFC /* MMSingleNumberScrollView.m */ = {isa = PBXFileReference; fileEncoding = 4; lastKnownFileType = sourcecode.c.objc; path = MMSingleNumberScrollView.m; sourceTree = "<group>"; };
/* End PBXFileReference section */

/* Begin PBXFrameworksBuildPhase section */
		01506DC51E7A34FF00436EFC /* Frameworks */ = {
			isa = PBXFrameworksBuildPhase;
			buildActionMask = 2147483647;
			files = (
			);
			runOnlyForDeploymentPostprocessing = 0;
		};
/* End PBXFrameworksBuildPhase section */

/* Begin PBXGroup section */
		01506DBF1E7A34FF00436EFC = {
			isa = PBXGroup;
			children = (
				01506DCA1E7A34FF00436EFC /* MMNumberScrollViewDemo */,
				01506DC91E7A34FF00436EFC /* Products */,
			);
			sourceTree = "<group>";
		};
		01506DC91E7A34FF00436EFC /* Products */ = {
			isa = PBXGroup;
			children = (
				01506DC81E7A34FF00436EFC /* MMNumberScrollViewDemo.app */,
			);
			name = Products;
			sourceTree = "<group>";
		};
		01506DCA1E7A34FF00436EFC /* MMNumberScrollViewDemo */ = {
			isa = PBXGroup;
			children = (
				01506DE21E7A35EF00436EFC /* MMNumberScrollView */,
				01506DCE1E7A34FF00436EFC /* AppDelegate.h */,
				01506DCF1E7A34FF00436EFC /* AppDelegate.m */,
				01506DD11E7A34FF00436EFC /* ViewController.h */,
				01506DD21E7A34FF00436EFC /* ViewController.m */,
				01506DD41E7A34FF00436EFC /* Main.storyboard */,
				01506DD71E7A34FF00436EFC /* Assets.xcassets */,
				01506DD91E7A34FF00436EFC /* LaunchScreen.storyboard */,
				01506DDC1E7A34FF00436EFC /* Info.plist */,
				01506DCB1E7A34FF00436EFC /* Supporting Files */,
			);
			path = MMNumberScrollViewDemo;
			sourceTree = "<group>";
		};
		01506DCB1E7A34FF00436EFC /* Supporting Files */ = {
			isa = PBXGroup;
			children = (
				01506DCC1E7A34FF00436EFC /* main.m */,
			);
			name = "Supporting Files";
			sourceTree = "<group>";
		};
		01506DE21E7A35EF00436EFC /* MMNumberScrollView */ = {
			isa = PBXGroup;
			children = (
				01506DE31E7A35EF00436EFC /* MMNumberScrollViewManager.h */,
				01506DE41E7A35EF00436EFC /* MMNumberScrollViewManager.m */,
				01506DE51E7A35EF00436EFC /* MMSingleNumberScrollView.h */,
				01506DE61E7A35EF00436EFC /* MMSingleNumberScrollView.m */,
			);
			name = MMNumberScrollView;
			path = ../../MMNumberScrollView;
			sourceTree = "<group>";
		};
/* End PBXGroup section */

/* Begin PBXNativeTarget section */
		01506DC71E7A34FF00436EFC /* MMNumberScrollViewDemo */ = {
			isa = PBXNativeTarget;
			buildConfigurationList = 01506DDF1E7A34FF00436EFC /* Build configuration list for PBXNativeTarget "MMNumberScrollViewDemo" */;
			buildPhases = (
				01506DC41E7A34FF00436EFC /* Sources */,
				01506DC51E7A34FF00436EFC /* Frameworks */,
				01506DC61E7A34FF00436EFC /* Resources */,
			);
			buildRules = (
			);
			dependencies = (
			);
			name = MMNumberScrollViewDemo;
			productName = MMNumberScrollViewDemo;
			productReference = 01506DC81E7A34FF00436EFC /* MMNumberScrollViewDemo.app */;
			productType = "com.apple.product-type.application";
		};
/* End PBXNativeTarget section */

/* Begin PBXProject section */
		01506DC01E7A34FF00436EFC /* Project object */ = {
			isa = PBXProject;
			attributes = {
				LastUpgradeCheck = 0820;
				ORGANIZATIONNAME = Michaelin;
				TargetAttributes = {
					01506DC71E7A34FF00436EFC = {
						CreatedOnToolsVersion = 8.2.1;
						DevelopmentTeam = N7XBVXGJLT;
						ProvisioningStyle = Automatic;
					};
				};
			};
			buildConfigurationList = 01506DC31E7A34FF00436EFC /* Build configuration list for PBXProject "MMNumberScrollViewDemo" */;
			compatibilityVersion = "Xcode 3.2";
			developmentRegion = English;
			hasScannedForEncodings = 0;
			knownRegions = (
				en,
				Base,
			);
			mainGroup = 01506DBF1E7A34FF00436EFC;
			productRefGroup = 01506DC91E7A34FF00436EFC /* Products */;
			projectDirPath = "";
			projectRoot = "";
			targets = (
				01506DC71E7A34FF00436EFC /* MMNumberScrollViewDemo */,
			);
		};
/* End PBXProject section */

/* Begin PBXResourcesBuildPhase section */
		01506DC61E7A34FF00436EFC /* Resources */ = {
			isa = PBXResourcesBuildPhase;
			buildActionMask = 2147483647;
			files = (
				01506DDB1E7A34FF00436EFC /* LaunchScreen.storyboard in Resources */,
				01506DD81E7A34FF00436EFC /* Assets.xcassets in Resources */,
				01506DD61E7A34FF00436EFC /* Main.storyboard in Resources */,
			);
			runOnlyForDeploymentPostprocessing = 0;
		};
/* End PBXResourcesBuildPhase section */

/* Begin PBXSourcesBuildPhase section */
		01506DC41E7A34FF00436EFC /* Sources */ = {
			isa = PBXSourcesBuildPhase;
			buildActionMask = 2147483647;
			files = (
				01506DD31E7A34FF00436EFC /* ViewController.m in Sources */,
				01506DE81E7A35EF00436EFC /* MMSingleNumberScrollView.m in Sources */,
				01506DD01E7A34FF00436EFC /* AppDelegate.m in Sources */,
				01506DE71E7A35EF00436EFC /* MMNumberScrollViewManager.m in Sources */,
				01506DCD1E7A34FF00436EFC /* main.m in Sources */,
			);
			runOnlyForDeploymentPostprocessing = 0;
		};
/* End PBXSourcesBuildPhase section */

/* Begin PBXVariantGroup section */
		01506DD41E7A34FF00436EFC /* Main.storyboard */ = {
			isa = PBXVariantGroup;
			children = (
				01506DD51E7A34FF00436EFC /* Base */,
			);
			name = Main.storyboard;
			sourceTree = "<group>";
		};
		01506DD91E7A34FF00436EFC /* LaunchScreen.storyboard */ = {
			isa = PBXVariantGroup;
			children = (
				01506DDA1E7A34FF00436EFC /* Base */,
			);
			name = LaunchScreen.storyboard;
			sourceTree = "<group>";
		};
/* End PBXVariantGroup section */

/* Begin XCBuildConfiguration section */
		01506DDD1E7A34FF00436EFC /* Debug */ = {
			isa = XCBuildConfiguration;
			buildSettings = {
				ALWAYS_SEARCH_USER_PATHS = NO;
				CLANG_ANALYZER_NONNULL = YES;
				CLANG_CXX_LANGUAGE_STANDARD = "gnu++0x";
				CLANG_CXX_LIBRARY = "libc++";
				CLANG_ENABLE_MODULES = YES;
				CLANG_ENABLE_OBJC_ARC = YES;
				CLANG_WARN_BOOL_CONVERSION = YES;
				CLANG_WARN_CONSTANT_CONVERSION = YES;
				CLANG_WARN_DIRECT_OBJC_ISA_USAGE = YES_ERROR;
				CLANG_WARN_DOCUMENTATION_COMMENTS = YES;
				CLANG_WARN_EMPTY_BODY = YES;
				CLANG_WARN_ENUM_CONVERSION = YES;
				CLANG_WARN_INFINITE_RECURSION = YES;
				CLANG_WARN_INT_CONVERSION = YES;
				CLANG_WARN_OBJC_ROOT_CLASS = YES_ERROR;
				CLANG_WARN_SUSPICIOUS_MOVE = YES;
				CLANG_WARN_UNREACHABLE_CODE = YES;
				CLANG_WARN__DUPLICATE_METHOD_MATCH = YES;
				"CODE_SIGN_IDENTITY[sdk=iphoneos*]" = "iPhone Developer";
				COPY_PHASE_STRIP = NO;
				DEBUG_INFORMATION_FORMAT = dwarf;
				ENABLE_STRICT_OBJC_MSGSEND = YES;
				ENABLE_TESTABILITY = YES;
				GCC_C_LANGUAGE_STANDARD = gnu99;
				GCC_DYNAMIC_NO_PIC = NO;
				GCC_NO_COMMON_BLOCKS = YES;
				GCC_OPTIMIZATION_LEVEL = 0;
				GCC_PREPROCESSOR_DEFINITIONS = (
					"DEBUG=1",
					"$(inherited)",
				);
				GCC_WARN_64_TO_32_BIT_CONVERSION = YES;
				GCC_WARN_ABOUT_RETURN_TYPE = YES_ERROR;
				GCC_WARN_UNDECLARED_SELECTOR = YES;
				GCC_WARN_UNINITIALIZED_AUTOS = YES_AGGRESSIVE;
				GCC_WARN_UNUSED_FUNCTION = YES;
				GCC_WARN_UNUSED_VARIABLE = YES;
				IPHONEOS_DEPLOYMENT_TARGET = 10.2;
				MTL_ENABLE_DEBUG_INFO = YES;
				ONLY_ACTIVE_ARCH = YES;
				SDKROOT = iphoneos;
				TARGETED_DEVICE_FAMILY = "1,2";
			};
			name = Debug;
		};
		01506DDE1E7A34FF00436EFC /* Release */ = {
			isa = XCBuildConfiguration;
			buildSettings = {
				ALWAYS_SEARCH_USER_PATHS = NO;
				CLANG_ANALYZER_NONNULL = YES;
				CLANG_CXX_LANGUAGE_STANDARD = "gnu++0x";
				CLANG_CXX_LIBRARY = "libc++";
				CLANG_ENABLE_MODULES = YES;
				CLANG_ENABLE_OBJC_ARC = YES;
				CLANG_WARN_BOOL_CONVERSION = YES;
				CLANG_WARN_CONSTANT_CONVERSION = YES;
				CLANG_WARN_DIRECT_OBJC_ISA_USAGE = YES_ERROR;
				CLANG_WARN_DOCUMENTATION_COMMENTS = YES;
				CLANG_WARN_EMPTY_BODY = YES;
				CLANG_WARN_ENUM_CONVERSION = YES;
				CLANG_WARN_INFINITE_RECURSION = YES;
				CLANG_WARN_INT_CONVERSION = YES;
				CLANG_WARN_OBJC_ROOT_CLASS = YES_ERROR;
				CLANG_WARN_SUSPICIOUS_MOVE = YES;
				CLANG_WARN_UNREACHABLE_CODE = YES;
				CLANG_WARN__DUPLICATE_METHOD_MATCH = YES;
				"CODE_SIGN_IDENTITY[sdk=iphoneos*]" = "iPhone Developer";
				COPY_PHASE_STRIP = NO;
				DEBUG_INFORMATION_FORMAT = "dwarf-with-dsym";
				ENABLE_NS_ASSERTIONS = NO;
				ENABLE_STRICT_OBJC_MSGSEND = YES;
				GCC_C_LANGUAGE_STANDARD = gnu99;
				GCC_NO_COMMON_BLOCKS = YES;
				GCC_WARN_64_TO_32_BIT_CONVERSION = YES;
				GCC_WARN_ABOUT_RETURN_TYPE = YES_ERROR;
				GCC_WARN_UNDECLARED_SELECTOR = YES;
				GCC_WARN_UNINITIALIZED_AUTOS = YES_AGGRESSIVE;
				GCC_WARN_UNUSED_FUNCTION = YES;
				GCC_WARN_UNUSED_VARIABLE = YES;
				IPHONEOS_DEPLOYMENT_TARGET = 10.2;
				MTL_ENABLE_DEBUG_INFO = NO;
				SDKROOT = iphoneos;
				TARGETED_DEVICE_FAMILY = "1,2";
				VALIDATE_PRODUCT = YES;
			};
			name = Release;
		};
		01506DE01E7A34FF00436EFC /* Debug */ = {
			isa = XCBuildConfiguration;
			buildSettings = {
				ASSETCATALOG_COMPILER_APPICON_NAME = AppIcon;
				DEVELOPMENT_TEAM = N7XBVXGJLT;
				INFOPLIST_FILE = MMNumberScrollViewDemo/Info.plist;
				LD_RUNPATH_SEARCH_PATHS = "$(inherited) @executable_path/Frameworks";
				PRODUCT_BUNDLE_IDENTIFIER = com.michaelin.MMNumberScrollViewDemo;
				PRODUCT_NAME = "$(TARGET_NAME)";
			};
			name = Debug;
		};
		01506DE11E7A34FF00436EFC /* Release */ = {
			isa = XCBuildConfiguration;
			buildSettings = {
				ASSETCATALOG_COMPILER_APPICON_NAME = AppIcon;
				DEVELOPMENT_TEAM = N7XBVXGJLT;
				INFOPLIST_FILE = MMNumberScrollViewDemo/Info.plist;
				LD_RUNPATH_SEARCH_PATHS = "$(inherited) @executable_path/Frameworks";
				PRODUCT_BUNDLE_IDENTIFIER = com.michaelin.MMNumberScrollViewDemo;
				PRODUCT_NAME = "$(TARGET_NAME)";
			};
			name = Release;
		};
/* End XCBuildConfiguration section */

/* Begin XCConfigurationList section */
		01506DC31E7A34FF00436EFC /* Build configuration list for PBXProject "MMNumberScrollViewDemo" */ = {
			isa = XCConfigurationList;
			buildConfigurations = (
				01506DDD1E7A34FF00436EFC /* Debug */,
				01506DDE1E7A34FF00436EFC /* Release */,
			);
			defaultConfigurationIsVisible = 0;
			defaultConfigurationName = Release;
		};
		01506DDF1E7A34FF00436EFC /* Build configuration list for PBXNativeTarget "MMNumberScrollViewDemo" */ = {
			isa = XCConfigurationList;
			buildConfigurations = (
				01506DE01E7A34FF00436EFC /* Debug */,
				01506DE11E7A34FF00436EFC /* Release */,
			);
			defaultConfigurationIsVisible = 0;
			defaultConfigurationName = Release;
		};
/* End XCConfigurationList section */
	};
	rootObject = 01506DC01E7A34FF00436EFC /* Project object */;
}
